github.com/gocarina/gocsv v0.0.0-20220531201732-5f969b02b902 h1:MQpU1uHOSGIbSibiJ246ZUPToUDUT+HBY6Y4lQTVyII=
github.com/gocarina/gocsv v0.0.0-20220531201732-5f969b02b902/go.mod h1:5YoVOkjYAQumqlV356Hj3xeYh4BdZuLE0/nRkf2NKkI=
github.com/shopspring/decimal v1.3.1 h1:2Usl1nmF/WZucqkFZhnfFYxxxu8LG21F6nPQBE5gKV8=
github.com/shopspring/decimal v1.3.1/go.mod h1:DKyhrW/HYNuLGql+MJL6WCR6knT2jwCFRcu2hWCYk4o=
